{
    "name": "reap-ui",
    "version": "2.0.0",
    "lockfileVersion": 1,
    "requires": true,
    "dependencies": {
        "@babel/runtime": {
            "version": "7.16.5",
            "resolved": "https://registry.npmjs.org/@babel/runtime/-/runtime-7.16.5.tgz",
            "integrity": "sha512-TXWihFIS3Pyv5hzR7j6ihmeLkZfrXGxAr5UfSl8CHf+6q/wpiYDkUau0czckpYG8QmnCIuPpdLtuA9VmuGGyMA==",
            "requires": {
                "regenerator-runtime": "^0.13.4"
            }
        },
        "@jest/types": {
            "version": "27.4.2",
            "resolved": "https://registry.npmjs.org/@jest/types/-/types-27.4.2.tgz",
            "integrity": "sha512-j35yw0PMTPpZsUoOBiuHzr1zTYoad1cVIE0ajEjcrJONxxrko/IRGKkXx3os0Nsi4Hu3+5VmDbVfq5WhG/pWAg==",
            "dev": true,
            "requires": {
                "@types/istanbul-lib-coverage": "^2.0.0",
                "@types/istanbul-reports": "^3.0.0",
                "@types/node": "*",
                "@types/yargs": "^16.0.0",
                "chalk": "^4.0.0"
            }
        },
        "@sinonjs/commons": {
            "version": "1.8.3",
            "resolved": "https://registry.npmjs.org/@sinonjs/commons/-/commons-1.8.3.tgz",
            "integrity": "sha512-xkNcLAn/wZaX14RPlwizcKicDk9G3F8m2nU3L7Ukm5zBgTwiT0wsoFAHx9Jq56fJA1z/7uKGtCRu16sOUCLIHQ==",
            "dev": true,
            "requires": {
                "type-detect": "4.0.8"
            }
        },
        "@sinonjs/fake-timers": {
            "version": "8.1.0",
            "resolved": "https://registry.npmjs.org/@sinonjs/fake-timers/-/fake-timers-8.1.0.tgz",
            "integrity": "sha512-OAPJUAtgeINhh/TAlUID4QTs53Njm7xzddaVlEs/SXwgtiD1tW22zAB/W1wdqfrpmikgaWQ9Fw6Ws+hsiRm5Vg==",
            "dev": true,
            "requires": {
                "@sinonjs/commons": "^1.7.0"
            }
        },
        "@sinonjs/samsam": {
            "version": "6.0.2",
            "resolved": "https://registry.npmjs.org/@sinonjs/samsam/-/samsam-6.0.2.tgz",
            "integrity": "sha512-jxPRPp9n93ci7b8hMfJOFDPRLFYadN6FSpeROFTR4UNF4i5b+EK6m4QXPO46BDhFgRy1JuS87zAnFOzCUwMJcQ==",
            "dev": true,
            "requires": {
                "@sinonjs/commons": "^1.6.0",
                "lodash.get": "^4.4.2",
                "type-detect": "^4.0.8"
            }
        },
        "@sinonjs/text-encoding": {
            "version": "0.7.1",
            "resolved": "https://registry.npmjs.org/@sinonjs/text-encoding/-/text-encoding-0.7.1.tgz",
            "integrity": "sha512-+iTbntw2IZPb/anVDbypzfQa+ay64MW0Zo8aJ8gZPWMMK6/OubMVb6lUPMagqjOPnmtauXnFCACVl3O7ogjeqQ==",
            "dev": true
        },
        "@types/hast": {
            "version": "2.3.4",
            "resolved": "https://registry.npmjs.org/@types/hast/-/hast-2.3.4.tgz",
            "integrity": "sha512-wLEm0QvaoawEDoTRwzTXp4b4jpwiJDvR5KMnFnVodm3scufTlBOWRD6N1OBf9TZMhjlNsSfcO5V+7AF4+Vy+9g==",
            "dev": true,
            "requires": {
                "@types/unist": "*"
            }
        },
        "@types/history": {
            "version": "4.7.9",
            "resolved": "https://registry.npmjs.org/@types/history/-/history-4.7.9.tgz",
            "integrity": "sha512-MUc6zSmU3tEVnkQ78q0peeEjKWPUADMlC/t++2bI8WnAG2tvYRPIgHG8lWkXwqc8MsUF6Z2MOf+Mh5sazOmhiQ==",
            "dev": true
        },
        "@types/hoist-non-react-statics": {
            "version": "3.3.1",
            "resolved": "https://registry.npmjs.org/@types/hoist-non-react-statics/-/hoist-non-react-statics-3.3.1.tgz",
            "integrity": "sha512-iMIqiko6ooLrTh1joXodJK5X9xeEALT1kM5G3ZLhD3hszxBdIEd5C75U834D9mLcINgD4OyZf5uQXjkuYydWvA==",
            "dev": true,
            "requires": {
                "@types/react": "*",
                "hoist-non-react-statics": "^3.3.0"
            }
        },
        "@types/istanbul-lib-coverage": {
            "version": "2.0.3",
            "resolved": "https://registry.npmjs.org/@types/istanbul-lib-coverage/-/istanbul-lib-coverage-2.0.3.tgz",
            "integrity": "sha512-sz7iLqvVUg1gIedBOvlkxPlc8/uVzyS5OwGz1cKjXzkl3FpL3al0crU8YGU1WoHkxn0Wxbw5tyi6hvzJKNzFsw==",
            "dev": true
        },
        "@types/istanbul-lib-report": {
            "version": "3.0.0",
            "resolved": "https://registry.npmjs.org/@types/istanbul-lib-report/-/istanbul-lib-report-3.0.0.tgz",
            "integrity": "sha512-plGgXAPfVKFoYfa9NpYDAkseG+g6Jr294RqeqcqDixSbU34MZVJRi/P+7Y8GDpzkEwLaGZZOpKIEmeVZNtKsrg==",
            "dev": true,
            "requires": {
                "@types/istanbul-lib-coverage": "*"
            }
        },
        "@types/istanbul-reports": {
            "version": "3.0.1",
            "resolved": "https://registry.npmjs.org/@types/istanbul-reports/-/istanbul-reports-3.0.1.tgz",
            "integrity": "sha512-c3mAZEuK0lvBp8tmuL74XRKn1+y2dcwOUpH7x4WrF6gk1GIgiluDRgMYQtw2OFcBvAJWlt6ASU3tSqxp0Uu0Aw==",
            "dev": true,
            "requires": {
                "@types/istanbul-lib-report": "*"
            }
        },
        "@types/jest": {
            "version": "27.0.3",
            "resolved": "https://registry.npmjs.org/@types/jest/-/jest-27.0.3.tgz",
            "integrity": "sha512-cmmwv9t7gBYt7hNKH5Spu7Kuu/DotGa+Ff+JGRKZ4db5eh8PnKS4LuebJ3YLUoyOyIHraTGyULn23YtEAm0VSg==",
            "dev": true,
            "requires": {
                "jest-diff": "^27.0.0",
                "pretty-format": "^27.0.0"
            }
        },
        "@types/json-schema": {
            "version": "7.0.9",
            "resolved": "https://registry.npmjs.org/@types/json-schema/-/json-schema-7.0.9.tgz",
            "integrity": "sha512-qcUXuemtEu+E5wZSJHNxUXeCZhAfXKQ41D+duX+VYPde7xyEVZci+/oXKJL13tnRs9lR2pr4fod59GT6/X1/yQ==",
            "dev": true
        },
        "@types/node": {
            "version": "17.0.0",
            "resolved": "https://registry.npmjs.org/@types/node/-/node-17.0.0.tgz",
            "integrity": "sha512-eMhwJXc931Ihh4tkU+Y7GiLzT/y/DBNpNtr4yU9O2w3SYBsr9NaOPhQlLKRmoWtI54uNwuo0IOUFQjVOTZYRvw==",
            "dev": true
        },
        "@types/prop-types": {
            "version": "15.7.4",
            "resolved": "https://registry.npmjs.org/@types/prop-types/-/prop-types-15.7.4.tgz",
            "integrity": "sha512-rZ5drC/jWjrArrS8BR6SIr4cWpW09RNTYt9AMZo3Jwwif+iacXAqgVjm0B0Bv/S1jhDXKHqRVNCbACkJ89RAnQ=="
        },
        "@types/react": {
            "version": "17.0.38",
            "resolved": "https://registry.npmjs.org/@types/react/-/react-17.0.38.tgz",
            "integrity": "sha512-SI92X1IA+FMnP3qM5m4QReluXzhcmovhZnLNm3pyeQlooi02qI7sLiepEYqT678uNiyc25XfCqxREFpy3W7YhQ==",
            "requires": {
                "@types/prop-types": "*",
                "@types/scheduler": "*",
                "csstype": "^3.0.2"
            }
        },
        "@types/react-dom": {
            "version": "17.0.11",
            "resolved": "https://registry.npmjs.org/@types/react-dom/-/react-dom-17.0.11.tgz",
            "integrity": "sha512-f96K3k+24RaLGVu/Y2Ng3e1EbZ8/cVJvypZWd7cy0ofCBaf2lcM46xNhycMZ2xGwbBjRql7hOlZ+e2WlJ5MH3Q==",
            "dev": true,
            "requires": {
                "@types/react": "*"
            }
        },
        "@types/react-is": {
            "version": "17.0.3",
            "resolved": "https://registry.npmjs.org/@types/react-is/-/react-is-17.0.3.tgz",
            "integrity": "sha512-aBTIWg1emtu95bLTLx0cpkxwGW3ueZv71nE2YFBpL8k/z5czEW8yYpOo8Dp+UUAFAtKwNaOsh/ioSeQnWlZcfw==",
            "requires": {
                "@types/react": "*"
            }
        },
        "@types/react-redux": {
            "version": "7.1.21",
            "resolved": "https://registry.npmjs.org/@types/react-redux/-/react-redux-7.1.21.tgz",
            "integrity": "sha512-bLdglUiBSQNzWVVbmNPKGYYjrzp3/YDPwfOH3nLEz99I4awLlaRAPWjo6bZ2POpxztFWtDDXIPxBLVykXqBt+w==",
            "dev": true,
            "requires": {
                "@types/hoist-non-react-statics": "^3.3.0",
                "@types/react": "*",
                "hoist-non-react-statics": "^3.3.0",
                "redux": "^4.0.0"
            }
        },
        "@types/react-router": {
            "version": "5.1.17",
            "resolved": "https://registry.npmjs.org/@types/react-router/-/react-router-5.1.17.tgz",
            "integrity": "sha512-RNSXOyb3VyRs/EOGmjBhhGKTbnN6fHWvy5FNLzWfOWOGjgVUKqJZXfpKzLmgoU8h6Hj8mpALj/mbXQASOb92wQ==",
            "dev": true,
            "requires": {
                "@types/history": "*",
                "@types/react": "*"
            }
        },
        "@types/react-router-dom": {
            "version": "5.3.2",
            "resolved": "https://registry.npmjs.org/@types/react-router-dom/-/react-router-dom-5.3.2.tgz",
            "integrity": "sha512-ELEYRUie2czuJzaZ5+ziIp9Hhw+juEw8b7C11YNA4QdLCVbQ3qLi2l4aq8XnlqM7V31LZX8dxUuFUCrzHm6sqQ==",
            "dev": true,
            "requires": {
                "@types/history": "*",
                "@types/react": "*",
                "@types/react-router": "*"
            }
        },
        "@types/react-syntax-highlighter": {
            "version": "13.5.2",
            "resolved": "https://registry.npmjs.org/@types/react-syntax-highlighter/-/react-syntax-highlighter-13.5.2.tgz",
            "integrity": "sha512-sRZoKZBGKaE7CzMvTTgz+0x/aVR58ZYUTfB7HN76vC+yQnvo1FWtzNARBt0fGqcLGEVakEzMu/CtPzssmanu8Q==",
            "dev": true,
            "requires": {
                "@types/react": "*"
            }
        },
        "@types/scheduler": {
            "version": "0.16.2",
            "resolved": "https://registry.npmjs.org/@types/scheduler/-/scheduler-0.16.2.tgz",
            "integrity": "sha512-hppQEBDmlwhFAXKJX2KnWLYu5yMfi91yazPb2l+lbJiwW+wdo1gNeRA+3RgNSO39WYX2euey41KEwnqesU2Jew=="
        },
        "@types/sinon": {
            "version": "10.0.6",
            "resolved": "https://registry.npmjs.org/@types/sinon/-/sinon-10.0.6.tgz",
            "integrity": "sha512-6EF+wzMWvBNeGrfP3Nx60hhx+FfwSg1JJBLAAP/IdIUq0EYkqCYf70VT3PhuhPX9eLD+Dp+lNdpb/ZeHG8Yezg==",
            "dev": true,
            "requires": {
                "@sinonjs/fake-timers": "^7.1.0"
            },
            "dependencies": {
                "@sinonjs/fake-timers": {
                    "version": "7.1.2",
                    "resolved": "https://registry.npmjs.org/@sinonjs/fake-timers/-/fake-timers-7.1.2.tgz",
                    "integrity": "sha512-iQADsW4LBMISqZ6Ci1dupJL9pprqwcVFTcOsEmQOEhW+KLCVn/Y4Jrvg2k19fIHCp+iFprriYPTdRcQR8NbUPg==",
                    "dev": true,
                    "requires": {
                        "@sinonjs/commons": "^1.7.0"
                    }
                }
            }
        },
        "@types/unist": {
            "version": "2.0.6",
            "resolved": "https://registry.npmjs.org/@types/unist/-/unist-2.0.6.tgz",
            "integrity": "sha512-PBjIUxZHOuj0R15/xuwJYjFi+KZdNFrehocChv4g5hu6aFroHue8m0lBP0POdK2nKzbw0cgV1mws8+V/JAcEkQ==",
            "dev": true
        },
        "@types/warning": {
            "version": "3.0.0",
            "resolved": "https://registry.npmjs.org/@types/warning/-/warning-3.0.0.tgz",
            "integrity": "sha1-DSUBJorY+ZYrdA04fEZU9fjiPlI=",
            "dev": true
        },
        "@types/yargs": {
            "version": "16.0.4",
            "resolved": "https://registry.npmjs.org/@types/yargs/-/yargs-16.0.4.tgz",
            "integrity": "sha512-T8Yc9wt/5LbJyCaLiHPReJa0kApcIgJ7Bn735GjItUfh08Z1pJvu8QZqb9s+mMvKV6WUQRV7K2R46YbjMXTTJw==",
            "dev": true,
            "requires": {
                "@types/yargs-parser": "*"
            }
        },
        "@types/yargs-parser": {
            "version": "20.2.1",
            "resolved": "https://registry.npmjs.org/@types/yargs-parser/-/yargs-parser-20.2.1.tgz",
            "integrity": "sha512-7tFImggNeNBVMsn0vLrpn1H1uPrUBdnARPTpZoitY37ZrdJREzf7I16tMrlK3hen349gr1NYh8CmZQa7CTG6Aw==",
            "dev": true
        },
        "ajv": {
            "version": "6.12.6",
            "resolved": "https://registry.npmjs.org/ajv/-/ajv-6.12.6.tgz",
            "integrity": "sha512-j3fVLgvTo527anyYyJOGTYJbG+vnnQYvE0m5mmkc1TK+nxAppkCLMIL0aZ4dblVCNoGShhm+kzE4ZUykBoMg4g==",
            "dev": true,
            "requires": {
                "fast-deep-equal": "^3.1.1",
                "fast-json-stable-stringify": "^2.0.0",
                "json-schema-traverse": "^0.4.1",
                "uri-js": "^4.2.2"
            }
        },
        "ajv-keywords": {
            "version": "3.5.2",
            "resolved": "https://registry.npmjs.org/ajv-keywords/-/ajv-keywords-3.5.2.tgz",
            "integrity": "sha512-5p6WTN0DdTGVQk6VjcEju19IgaHudalcfabD7yhDGeA6bcQnmL+CpveLJq/3hvfwd1aof6L386Ougkx6RfyMIQ==",
            "dev": true
        },
        "ansi-regex": {
            "version": "5.0.1",
            "resolved": "https://registry.npmjs.org/ansi-regex/-/ansi-regex-5.0.1.tgz",
            "integrity": "sha512-quJQXlTSUGL2LH9SUXo8VwsY4soanhgo6LNSm84E1LBcE8s3O0wpdiRzyR9z/ZZJMlMWv37qOOb9pdJlMUEKFQ==",
            "dev": true
        },
        "ansi-styles": {
            "version": "4.3.0",
            "resolved": "https://registry.npmjs.org/ansi-styles/-/ansi-styles-4.3.0.tgz",
            "integrity": "sha512-zbB9rCJAT1rbjiVDb2hqKFHNYLxgtk8NURxZ3IZwD3F6NtxbXZQCnnSi1Lkx+IDohdPlFp222wVALIheZJQSEg==",
            "dev": true,
            "requires": {
                "color-convert": "^2.0.1"
            }
        },
        "big.js": {
            "version": "5.2.2",
            "resolved": "https://registry.npmjs.org/big.js/-/big.js-5.2.2.tgz",
            "integrity": "sha512-vyL2OymJxmarO8gxMr0mhChsO9QGwhynfuu4+MHTAW6czfq9humCB7rKpUjDd9YUiDPU4mzpyupFSvOClAwbmQ==",
            "dev": true
        },
        "bootstrap": {
            "version": "5.1.3",
            "resolved": "https://registry.npmjs.org/bootstrap/-/bootstrap-5.1.3.tgz",
            "integrity": "sha512-fcQztozJ8jToQWXxVuEyXWW+dSo8AiXWKwiSSrKWsRB/Qt+Ewwza+JWoLKiTuQLaEPhdNAJ7+Dosc9DOIqNy7Q==",
            "dev": true
        },
        "chalk": {
            "version": "4.1.2",
            "resolved": "https://registry.npmjs.org/chalk/-/chalk-4.1.2.tgz",
            "integrity": "sha512-oKnbhFyRIXpUuez8iBMmyEa4nbj4IOQyuhc/wy9kY7/WVPcwIO9VA668Pu8RkO7+0G76SLROeyw9CpQ061i4mA==",
            "dev": true,
            "requires": {
                "ansi-styles": "^4.1.0",
                "supports-color": "^7.1.0"
            }
        },
        "character-entities": {
            "version": "1.2.4",
            "resolved": "https://registry.npmjs.org/character-entities/-/character-entities-1.2.4.tgz",
            "integrity": "sha512-iBMyeEHxfVnIakwOuDXpVkc54HijNgCyQB2w0VfGQThle6NXn50zU6V/u+LDhxHcDUPojn6Kpga3PTAD8W1bQw==",
            "dev": true
        },
        "character-entities-legacy": {
            "version": "1.1.4",
            "resolved": "https://registry.npmjs.org/character-entities-legacy/-/character-entities-legacy-1.1.4.tgz",
            "integrity": "sha512-3Xnr+7ZFS1uxeiUDvV02wQ+QDbc55o97tIV5zHScSPJpcLm/r0DFPcoY3tYRp+VZukxuMeKgXYmsXQHO05zQeA==",
            "dev": true
        },
        "character-reference-invalid": {
            "version": "1.1.4",
            "resolved": "https://registry.npmjs.org/character-reference-invalid/-/character-reference-invalid-1.1.4.tgz",
            "integrity": "sha512-mKKUkUbhPpQlCOfIuZkvSEgktjPFIsZKRRbC6KWVEMvlzblj3i3asQv5ODsrwt0N3pHAEvjP8KTQPHkp0+6jOg==",
            "dev": true
        },
        "color-convert": {
            "version": "2.0.1",
            "resolved": "https://registry.npmjs.org/color-convert/-/color-convert-2.0.1.tgz",
            "integrity": "sha512-RRECPsj7iu/xb5oKYcsFHSppFNnsj/52OVTRKb4zP5onXwVF3zVmmToNcOfGC+CRDpfK/U584fMg38ZHCaElKQ==",
            "dev": true,
            "requires": {
                "color-name": "~1.1.4"
            }
        },
        "color-name": {
            "version": "1.1.4",
            "resolved": "https://registry.npmjs.org/color-name/-/color-name-1.1.4.tgz",
            "integrity": "sha512-dOy+3AuW3a2wNbZHIuMZpTcgjGuLU/uBL/ubcZF9OXbDo8ff4O8yVp5Bf0efS8uEoYo5q4Fx7dY9OgQGXgAsQA==",
            "dev": true
        },
        "comma-separated-tokens": {
            "version": "1.0.8",
            "resolved": "https://registry.npmjs.org/comma-separated-tokens/-/comma-separated-tokens-1.0.8.tgz",
            "integrity": "sha512-GHuDRO12Sypu2cV70d1dkA2EUmXHgntrzbpvOB+Qy+49ypNfGgFQIC2fhhXbnyrJRynDCAARsT7Ou0M6hirpfw==",
            "dev": true
        },
        "csstype": {
            "version": "3.0.10",
            "resolved": "https://registry.npmjs.org/csstype/-/csstype-3.0.10.tgz",
            "integrity": "sha512-2u44ZG2OcNUO9HDp/Jl8C07x6pU/eTR3ncV91SiK3dhG9TWvRVsCoJw14Ckx5DgWkzGA3waZWO3d7pgqpUI/XA=="
        },
        "diff": {
            "version": "5.0.0",
            "resolved": "https://registry.npmjs.org/diff/-/diff-5.0.0.tgz",
            "integrity": "sha512-/VTCrvm5Z0JGty/BWHljh+BAiw3IK+2j87NGMu8Nwc/f48WoDAC395uomO9ZD117ZOBaHmkX1oyLvkVM/aIT3w==",
            "dev": true
        },
        "diff-sequences": {
            "version": "27.4.0",
            "resolved": "https://registry.npmjs.org/diff-sequences/-/diff-sequences-27.4.0.tgz",
            "integrity": "sha512-YqiQzkrsmHMH5uuh8OdQFU9/ZpADnwzml8z0O5HvRNda+5UZsaX/xN+AAxfR2hWq1Y7HZnAzO9J5lJXOuDz2Ww==",
            "dev": true
        },
        "emojis-list": {
            "version": "3.0.0",
            "resolved": "https://registry.npmjs.org/emojis-list/-/emojis-list-3.0.0.tgz",
            "integrity": "sha512-/kyM18EfinwXZbno9FyUGeFh87KC8HRQBQGildHZbEuRyWFOmv1U10o9BBp8XVZDVNNuQKyIGIu5ZYAAXJ0V2Q==",
            "dev": true
        },
        "fast-deep-equal": {
            "version": "3.1.3",
            "resolved": "https://registry.npmjs.org/fast-deep-equal/-/fast-deep-equal-3.1.3.tgz",
            "integrity": "sha512-f3qQ9oQy9j2AhBe/H9VC91wLmKBCCU/gDOnKNAYG5hswO7BLKj09Hc5HYNz9cGI++xlpDCIgDaitVs03ATR84Q==",
            "dev": true
        },
        "fast-json-stable-stringify": {
            "version": "2.1.0",
            "resolved": "https://registry.npmjs.org/fast-json-stable-stringify/-/fast-json-stable-stringify-2.1.0.tgz",
            "integrity": "sha512-lhd/wF+Lk98HZoTCtlVraHtfh5XYijIjalXck7saUtuanSDyLMxnHhSXEDJqHxD7msR8D0uCmqlkwjCV8xvwHw==",
            "dev": true
        },
        "fault": {
            "version": "1.0.4",
            "resolved": "https://registry.npmjs.org/fault/-/fault-1.0.4.tgz",
            "integrity": "sha512-CJ0HCB5tL5fYTEA7ToAq5+kTwd++Borf1/bifxd9iT70QcXr4MRrO3Llf8Ifs70q+SJcGHFtnIE/Nw6giCtECA==",
            "dev": true,
            "requires": {
                "format": "^0.2.0"
            }
        },
        "format": {
            "version": "0.2.2",
            "resolved": "https://registry.npmjs.org/format/-/format-0.2.2.tgz",
            "integrity": "sha1-1hcBB+nv3E7TDJ3DkBbflCtctYs=",
            "dev": true
        },
        "has-flag": {
            "version": "4.0.0",
            "resolved": "https://registry.npmjs.org/has-flag/-/has-flag-4.0.0.tgz",
            "integrity": "sha512-EykJT/Q1KjTWctppgIAgfSO0tKVuZUjhgMr17kqTumMl6Afv3EISleU7qZUzoXDFTAHTDC4NOoG/ZxU3EvlMPQ==",
            "dev": true
        },
        "hast-util-parse-selector": {
            "version": "2.2.5",
            "resolved": "https://registry.npmjs.org/hast-util-parse-selector/-/hast-util-parse-selector-2.2.5.tgz",
            "integrity": "sha512-7j6mrk/qqkSehsM92wQjdIgWM2/BW61u/53G6xmC8i1OmEdKLHbk419QKQUjz6LglWsfqoiHmyMRkP1BGjecNQ==",
            "dev": true
        },
        "hastscript": {
            "version": "6.0.0",
            "resolved": "https://registry.npmjs.org/hastscript/-/hastscript-6.0.0.tgz",
            "integrity": "sha512-nDM6bvd7lIqDUiYEiu5Sl/+6ReP0BMk/2f4U/Rooccxkj0P5nm+acM5PrGJ/t5I8qPGiqZSE6hVAwZEdZIvP4w==",
            "dev": true,
            "requires": {
                "@types/hast": "^2.0.0",
                "comma-separated-tokens": "^1.0.0",
                "hast-util-parse-selector": "^2.0.0",
                "property-information": "^5.0.0",
                "space-separated-tokens": "^1.0.0"
            }
        },
        "highlight.js": {
            "version": "10.7.3",
            "resolved": "https://registry.npmjs.org/highlight.js/-/highlight.js-10.7.3.tgz",
            "integrity": "sha512-tzcUFauisWKNHaRkN4Wjl/ZA07gENAjFl3J/c480dprkGTg5EQstgaNFqBfUqCq54kZRIEcreTsAgF/m2quD7A==",
            "dev": true
        },
        "history": {
            "version": "5.2.0",
            "resolved": "https://registry.npmjs.org/history/-/history-5.2.0.tgz",
            "integrity": "sha512-uPSF6lAJb3nSePJ43hN3eKj1dTWpN9gMod0ZssbFTIsen+WehTmEadgL+kg78xLJFdRfrrC//SavDzmRVdE+Ig==",
            "dev": true,
            "requires": {
                "@babel/runtime": "^7.7.6"
            }
        },
        "hoist-non-react-statics": {
            "version": "3.3.2",
            "resolved": "https://registry.npmjs.org/hoist-non-react-statics/-/hoist-non-react-statics-3.3.2.tgz",
            "integrity": "sha512-/gGivxi8JPKWNm/W0jSmzcMPpfpPLc3dY/6GxhX2hQ9iGj3aDfklV4ET7NjKpSinLpJ5vafa9iiGIEZg10SfBw==",
            "dev": true,
            "requires": {
                "react-is": "^16.7.0"
            }
        },
        "is-alphabetical": {
            "version": "1.0.4",
            "resolved": "https://registry.npmjs.org/is-alphabetical/-/is-alphabetical-1.0.4.tgz",
            "integrity": "sha512-DwzsA04LQ10FHTZuL0/grVDk4rFoVH1pjAToYwBrHSxcrBIGQuXrQMtD5U1b0U2XVgKZCTLLP8u2Qxqhy3l2Vg==",
            "dev": true
        },
        "is-alphanumerical": {
            "version": "1.0.4",
            "resolved": "https://registry.npmjs.org/is-alphanumerical/-/is-alphanumerical-1.0.4.tgz",
            "integrity": "sha512-UzoZUr+XfVz3t3v4KyGEniVL9BDRoQtY7tOyrRybkVNjDFWyo1yhXNGrrBTQxp3ib9BLAWs7k2YKBQsFRkZG9A==",
            "dev": true,
            "requires": {
                "is-alphabetical": "^1.0.0",
                "is-decimal": "^1.0.0"
            }
        },
        "is-decimal": {
            "version": "1.0.4",
            "resolved": "https://registry.npmjs.org/is-decimal/-/is-decimal-1.0.4.tgz",
            "integrity": "sha512-RGdriMmQQvZ2aqaQq3awNA6dCGtKpiDFcOzrTWrDAT2MiWrKQVPmxLGHl7Y2nNu6led0kEyoX0enY0qXYsv9zw==",
            "dev": true
        },
        "is-hexadecimal": {
            "version": "1.0.4",
            "resolved": "https://registry.npmjs.org/is-hexadecimal/-/is-hexadecimal-1.0.4.tgz",
            "integrity": "sha512-gyPJuv83bHMpocVYoqof5VDiZveEoGoFL8m3BXNb2VW8Xs+rz9kqO8LOQ5DH6EsuvilT1ApazU0pyl+ytbPtlw==",
            "dev": true
        },
        "isarray": {
            "version": "0.0.1",
            "resolved": "https://registry.npmjs.org/isarray/-/isarray-0.0.1.tgz",
            "integrity": "sha1-ihis/Kmo9Bd+Cav8YDiTmwXR7t8=",
            "dev": true
        },
        "jest-diff": {
            "version": "27.4.2",
            "resolved": "https://registry.npmjs.org/jest-diff/-/jest-diff-27.4.2.tgz",
            "integrity": "sha512-ujc9ToyUZDh9KcqvQDkk/gkbf6zSaeEg9AiBxtttXW59H/AcqEYp1ciXAtJp+jXWva5nAf/ePtSsgWwE5mqp4Q==",
            "dev": true,
            "requires": {
                "chalk": "^4.0.0",
                "diff-sequences": "^27.4.0",
                "jest-get-type": "^27.4.0",
                "pretty-format": "^27.4.2"
            }
        },
        "jest-get-type": {
            "version": "27.4.0",
            "resolved": "https://registry.npmjs.org/jest-get-type/-/jest-get-type-27.4.0.tgz",
            "integrity": "sha512-tk9o+ld5TWq41DkK14L4wox4s2D9MtTpKaAVzXfr5CUKm5ZK2ExcaFE0qls2W71zE/6R2TxxrK9w2r6svAFDBQ==",
            "dev": true
        },
        "js-tokens": {
            "version": "4.0.0",
            "resolved": "https://registry.npmjs.org/js-tokens/-/js-tokens-4.0.0.tgz",
            "integrity": "sha512-RdJUflcE3cUzKiMqQgsCu06FPu9UdIJO0beYbPhHN4k6apgJtifcoCtT9bcxOpYBtpD2kCM6Sbzg4CausW/PKQ=="
        },
        "json-schema-traverse": {
            "version": "0.4.1",
            "resolved": "https://registry.npmjs.org/json-schema-traverse/-/json-schema-traverse-0.4.1.tgz",
            "integrity": "sha512-xbbCH5dCYU5T8LcEhhuh7HJ88HXuW3qsI3Y0zOZFKfZEHcpWiHU/Jxzk629Brsab/mMiHQti9wMP+845RPe3Vg==",
            "dev": true
        },
        "json5": {
            "version": "2.2.0",
            "resolved": "https://registry.npmjs.org/json5/-/json5-2.2.0.tgz",
            "integrity": "sha512-f+8cldu7X/y7RAJurMEJmdoKXGB/X550w2Nr3tTbezL6RwEE/iMcm+tZnXeoZtKuOq6ft8+CqzEkrIgx1fPoQA==",
            "dev": true,
            "requires": {
                "minimist": "^1.2.5"
            }
        },
        "just-extend": {
            "version": "4.2.1",
            "resolved": "https://registry.npmjs.org/just-extend/-/just-extend-4.2.1.tgz",
            "integrity": "sha512-g3UB796vUFIY90VIv/WX3L2c8CS2MdWUww3CNrYmqza1Fg0DURc2K/O4YrnklBdQarSJ/y8JnJYDGc+1iumQjg==",
            "dev": true
        },
        "loader-utils": {
            "version": "2.0.2",
            "resolved": "https://registry.npmjs.org/loader-utils/-/loader-utils-2.0.2.tgz",
            "integrity": "sha512-TM57VeHptv569d/GKh6TAYdzKblwDNiumOdkFnejjD0XwTH87K90w3O7AiJRqdQoXygvi1VQTJTLGhJl7WqA7A==",
            "dev": true,
            "requires": {
                "big.js": "^5.2.2",
                "emojis-list": "^3.0.0",
                "json5": "^2.1.2"
            }
        },
        "lodash.get": {
            "version": "4.4.2",
            "resolved": "https://registry.npmjs.org/lodash.get/-/lodash.get-4.4.2.tgz",
            "integrity": "sha1-LRd/ZS+jHpObRDjVNBSZ36OCXpk=",
            "dev": true
        },
        "loose-envify": {
            "version": "1.4.0",
            "resolved": "https://registry.npmjs.org/loose-envify/-/loose-envify-1.4.0.tgz",
            "integrity": "sha512-lyuxPGr/Wfhrlem2CL/UcnUc1zcqKAImBDzukY7Y5F/yQiNdko6+fRLevlw1HgMySw7f611UIY408EtxRSoK3Q==",
            "requires": {
                "js-tokens": "^3.0.0 || ^4.0.0"
            }
        },
        "lowlight": {
            "version": "1.20.0",
            "resolved": "https://registry.npmjs.org/lowlight/-/lowlight-1.20.0.tgz",
            "integrity": "sha512-8Ktj+prEb1RoCPkEOrPMYUN/nCggB7qAWe3a7OpMjWQkh3l2RD5wKRQ+o8Q8YuI9RG/xs95waaI/E6ym/7NsTw==",
            "dev": true,
            "requires": {
                "fault": "^1.0.0",
                "highlight.js": "~10.7.0"
            }
        },
        "minimist": {
            "version": "1.2.5",
            "resolved": "https://registry.npmjs.org/minimist/-/minimist-1.2.5.tgz",
            "integrity": "sha512-FM9nNUYrRBAELZQT3xeZQ7fmMOBg6nWNmJKTcgsJeaLstP/UODVpGsr5OhXhhXg6f+qtJ8uiZ+PUxkDWcgIXLw==",
            "dev": true
        },
        "nise": {
            "version": "5.1.0",
            "resolved": "https://registry.npmjs.org/nise/-/nise-5.1.0.tgz",
            "integrity": "sha512-W5WlHu+wvo3PaKLsJJkgPup2LrsXCcm7AWwyNZkUnn5rwPkuPBi3Iwk5SQtN0mv+K65k7nKKjwNQ30wg3wLAQQ==",
            "dev": true,
            "requires": {
                "@sinonjs/commons": "^1.7.0",
                "@sinonjs/fake-timers": "^7.0.4",
                "@sinonjs/text-encoding": "^0.7.1",
                "just-extend": "^4.0.2",
                "path-to-regexp": "^1.7.0"
            },
            "dependencies": {
                "@sinonjs/fake-timers": {
                    "version": "7.1.2",
                    "resolved": "https://registry.npmjs.org/@sinonjs/fake-timers/-/fake-timers-7.1.2.tgz",
                    "integrity": "sha512-iQADsW4LBMISqZ6Ci1dupJL9pprqwcVFTcOsEmQOEhW+KLCVn/Y4Jrvg2k19fIHCp+iFprriYPTdRcQR8NbUPg==",
                    "dev": true,
                    "requires": {
                        "@sinonjs/commons": "^1.7.0"
                    }
                }
            }
        },
        "object-assign": {
            "version": "4.1.1",
            "resolved": "https://registry.npmjs.org/object-assign/-/object-assign-4.1.1.tgz",
            "integrity": "sha1-IQmtx5ZYh8/AXLvUQsrIv7s2CGM="
        },
        "parse-entities": {
            "version": "2.0.0",
            "resolved": "https://registry.npmjs.org/parse-entities/-/parse-entities-2.0.0.tgz",
            "integrity": "sha512-kkywGpCcRYhqQIchaWqZ875wzpS/bMKhz5HnN3p7wveJTkTtyAB/AlnS0f8DFSqYW1T82t6yEAkEcB+A1I3MbQ==",
            "dev": true,
            "requires": {
                "character-entities": "^1.0.0",
                "character-entities-legacy": "^1.0.0",
                "character-reference-invalid": "^1.0.0",
                "is-alphanumerical": "^1.0.0",
                "is-decimal": "^1.0.0",
                "is-hexadecimal": "^1.0.0"
            }
        },
        "path-to-regexp": {
            "version": "1.8.0",
            "resolved": "https://registry.npmjs.org/path-to-regexp/-/path-to-regexp-1.8.0.tgz",
            "integrity": "sha512-n43JRhlUKUAlibEJhPeir1ncUID16QnEjNpwzNdO3Lm4ywrBpBZ5oLD0I6br9evr1Y9JTqwRtAh7JLoOzAQdVA==",
            "dev": true,
            "requires": {
                "isarray": "0.0.1"
            }
        },
        "pretty-format": {
            "version": "27.4.2",
            "resolved": "https://registry.npmjs.org/pretty-format/-/pretty-format-27.4.2.tgz",
            "integrity": "sha512-p0wNtJ9oLuvgOQDEIZ9zQjZffK7KtyR6Si0jnXULIDwrlNF8Cuir3AZP0hHv0jmKuNN/edOnbMjnzd4uTcmWiw==",
            "dev": true,
            "requires": {
                "@jest/types": "^27.4.2",
                "ansi-regex": "^5.0.1",
                "ansi-styles": "^5.0.0",
                "react-is": "^17.0.1"
            },
            "dependencies": {
                "ansi-styles": {
                    "version": "5.2.0",
                    "resolved": "https://registry.npmjs.org/ansi-styles/-/ansi-styles-5.2.0.tgz",
                    "integrity": "sha512-Cxwpt2SfTzTtXcfOlzGEee8O+c+MmUgGrNiBcXnuWxuFJHe6a5Hz7qwhwe5OgaSYI0IJvkLqWX1ASG+cJOkEiA==",
                    "dev": true
                },
                "react-is": {
                    "version": "17.0.2",
                    "resolved": "https://registry.npmjs.org/react-is/-/react-is-17.0.2.tgz",
                    "integrity": "sha512-w2GsyukL62IJnlaff/nRegPQR94C/XXamvMWmSHRJ4y7Ts/4ocGRmTHvOs8PSE6pB3dWOrD/nueuU5sduBsQ4w==",
                    "dev": true
                }
            }
        },
        "prismjs": {
            "version": "1.25.0",
            "resolved": "https://registry.npmjs.org/prismjs/-/prismjs-1.25.0.tgz",
            "integrity": "sha512-WCjJHl1KEWbnkQom1+SzftbtXMKQoezOCYs5rECqMN+jP+apI7ftoflyqigqzopSO3hMhTEb0mFClA8lkolgEg==",
            "dev": true
        },
        "prop-types": {
            "version": "15.8.0",
            "resolved": "https://registry.npmjs.org/prop-types/-/prop-types-15.8.0.tgz",
            "integrity": "sha512-fDGekdaHh65eI3lMi5OnErU6a8Ighg2KjcjQxO7m8VHyWjcPyj5kiOgV1LQDOOOgVy3+5FgjXvdSSX7B8/5/4g==",
            "requires": {
                "loose-envify": "^1.4.0",
                "object-assign": "^4.1.1",
                "react-is": "^16.13.1"
            }
        },
        "property-information": {
            "version": "5.6.0",
            "resolved": "https://registry.npmjs.org/property-information/-/property-information-5.6.0.tgz",
            "integrity": "sha512-YUHSPk+A30YPv+0Qf8i9Mbfe/C0hdPXk1s1jPVToV8pk8BQtpw10ct89Eo7OWkutrwqvT0eicAxlOg3dOAu8JA==",
            "dev": true,
            "requires": {
                "xtend": "^4.0.0"
            }
        },
        "punycode": {
            "version": "2.1.1",
            "resolved": "https://registry.npmjs.org/punycode/-/punycode-2.1.1.tgz",
            "integrity": "sha512-XRsRjdf+j5ml+y/6GKHPZbrF/8p2Yga0JPtdqTIY2Xe5ohJPD9saDJJLPvp9+NSBprVvevdXZybnj2cv8OEd0A==",
            "dev": true
        },
        "raw-loader": {
            "version": "4.0.2",
            "resolved": "https://registry.npmjs.org/raw-loader/-/raw-loader-4.0.2.tgz",
            "integrity": "sha512-ZnScIV3ag9A4wPX/ZayxL/jZH+euYb6FcUinPcgiQW0+UBtEv0O6Q3lGd3cqJ+GHH+rksEv3Pj99oxJ3u3VIKA==",
            "dev": true,
            "requires": {
                "loader-utils": "^2.0.0",
                "schema-utils": "^3.0.0"
            }
        },
        "react": {
            "version": "17.0.2",
            "resolved": "https://registry.npmjs.org/react/-/react-17.0.2.tgz",
            "integrity": "sha512-gnhPt75i/dq/z3/6q/0asP78D0u592D5L1pd7M8P+dck6Fu/jJeL6iVVK23fptSUZj8Vjf++7wXA8UNclGQcbA==",
            "dev": true,
            "requires": {
                "loose-envify": "^1.1.0",
                "object-assign": "^4.1.1"
            }
        },
        "react-dom": {
            "version": "17.0.2",
            "resolved": "https://registry.npmjs.org/react-dom/-/react-dom-17.0.2.tgz",
            "integrity": "sha512-s4h96KtLDUQlsENhMn1ar8t2bEa+q/YAtj8pPPdIjPDGBDIVNsrD9aXNWqspUe6AzKCIG0C1HZZLqLV7qpOBGA==",
            "dev": true,
            "requires": {
                "loose-envify": "^1.1.0",
                "object-assign": "^4.1.1",
                "scheduler": "^0.20.2"
            }
        },
        "react-is": {
            "version": "16.13.1",
            "resolved": "https://registry.npmjs.org/react-is/-/react-is-16.13.1.tgz",
            "integrity": "sha512-24e6ynE2H+OKt4kqsOvNd8kBpV65zoxbA4BVsEOB3ARVWQki/DHzaUoC5KuON/BiccDaCCTZBuOcfZs70kR8bQ=="
        },
        "react-redux": {
            "version": "7.2.6",
            "resolved": "https://registry.npmjs.org/react-redux/-/react-redux-7.2.6.tgz",
            "integrity": "sha512-10RPdsz0UUrRL1NZE0ejTkucnclYSgXp5q+tB5SWx2qeG2ZJQJyymgAhwKy73yiL/13btfB6fPr+rgbMAaZIAQ==",
            "dev": true,
            "requires": {
                "@babel/runtime": "^7.15.4",
                "@types/react-redux": "^7.1.20",
                "hoist-non-react-statics": "^3.3.2",
                "loose-envify": "^1.4.0",
                "prop-types": "^15.7.2",
                "react-is": "^17.0.2"
            },
            "dependencies": {
                "react-is": {
                    "version": "17.0.2",
                    "resolved": "https://registry.npmjs.org/react-is/-/react-is-17.0.2.tgz",
                    "integrity": "sha512-w2GsyukL62IJnlaff/nRegPQR94C/XXamvMWmSHRJ4y7Ts/4ocGRmTHvOs8PSE6pB3dWOrD/nueuU5sduBsQ4w==",
                    "dev": true
                }
            }
        },
        "react-router": {
            "version": "6.2.1",
            "resolved": "https://registry.npmjs.org/react-router/-/react-router-6.2.1.tgz",
            "integrity": "sha512-2fG0udBtxou9lXtK97eJeET2ki5//UWfQSl1rlJ7quwe6jrktK9FCCc8dQb5QY6jAv3jua8bBQRhhDOM/kVRsg==",
            "dev": true,
            "requires": {
                "history": "^5.2.0"
            }
        },
        "react-router-dom": {
            "version": "6.2.1",
            "resolved": "https://registry.npmjs.org/react-router-dom/-/react-router-dom-6.2.1.tgz",
            "integrity": "sha512-I6Zax+/TH/cZMDpj3/4Fl2eaNdcvoxxHoH1tYOREsQ22OKDYofGebrNm6CTPUcvLvZm63NL/vzCYdjf9CUhqmA==",
            "dev": true,
            "requires": {
                "history": "^5.2.0",
                "react-router": "6.2.1"
            }
        },
        "react-syntax-highlighter": {
            "version": "15.4.5",
            "resolved": "https://registry.npmjs.org/react-syntax-highlighter/-/react-syntax-highlighter-15.4.5.tgz",
            "integrity": "sha512-RC90KQTxZ/b7+9iE6s9nmiFLFjWswUcfULi4GwVzdFVKVMQySkJWBuOmJFfjwjMVCo0IUUuJrWebNKyviKpwLQ==",
            "dev": true,
            "requires": {
                "@babel/runtime": "^7.3.1",
                "highlight.js": "^10.4.1",
                "lowlight": "^1.17.0",
                "prismjs": "^1.25.0",
                "refractor": "^3.2.0"
            }
        },
        "reap-utils": {
            "version": "2.0.1",
            "resolved": "https://registry.npmjs.org/reap-utils/-/reap-utils-2.0.1.tgz",
            "integrity": "sha512-e2GcpmqWPpHdqQ7cKG0sQ3j0KE1EHcPWvQq4x5Rbref7SuPYOn8o7gXOxD0XWbO0X4mqeZ7p1hO0icsWm9xviA==",
            "requires": {
                "@types/react-is": "^17.0.3",
                "prop-types": "^15.7.2",
                "react-is": "^17.0.2",
                "warning": "^4.0.3"
            },
            "dependencies": {
                "react-is": {
                    "version": "17.0.2",
                    "resolved": "https://registry.npmjs.org/react-is/-/react-is-17.0.2.tgz",
                    "integrity": "sha512-w2GsyukL62IJnlaff/nRegPQR94C/XXamvMWmSHRJ4y7Ts/4ocGRmTHvOs8PSE6pB3dWOrD/nueuU5sduBsQ4w=="
                }
            }
        },
        "redux": {
            "version": "4.1.2",
            "resolved": "https://registry.npmjs.org/redux/-/redux-4.1.2.tgz",
            "integrity": "sha512-SH8PglcebESbd/shgf6mii6EIoRM0zrQyjcuQ+ojmfxjTtE0z9Y8pa62iA/OJ58qjP6j27uyW4kUF4jl/jd6sw==",
            "dev": true,
            "requires": {
                "@babel/runtime": "^7.9.2"
            }
        },
        "refractor": {
            "version": "3.5.0",
            "resolved": "https://registry.npmjs.org/refractor/-/refractor-3.5.0.tgz",
            "integrity": "sha512-QwPJd3ferTZ4cSPPjdP5bsYHMytwWYnAN5EEnLtGvkqp/FCCnGsBgxrm9EuIDnjUC3Uc/kETtvVi7fSIVC74Dg==",
            "dev": true,
            "requires": {
                "hastscript": "^6.0.0",
                "parse-entities": "^2.0.0",
                "prismjs": "~1.25.0"
            }
        },
        "regenerator-runtime": {
            "version": "0.13.9",
            "resolved": "https://registry.npmjs.org/regenerator-runtime/-/regenerator-runtime-0.13.9.tgz",
            "integrity": "sha512-p3VT+cOEgxFsRRA9X4lkI1E+k2/CtnKtU4gcxyaCUreilL/vqI6CdZ3wxVUx3UOUg+gnUOQQcRI7BmSI656MYA=="
        },
        "scheduler": {
            "version": "0.20.2",
            "resolved": "https://registry.npmjs.org/scheduler/-/scheduler-0.20.2.tgz",
            "integrity": "sha512-2eWfGgAqqWFGqtdMmcL5zCMK1U8KlXv8SQFGglL3CEtd0aDVDWgeF/YoCmvln55m5zSk3J/20hTaSBeSObsQDQ==",
            "dev": true,
            "requires": {
                "loose-envify": "^1.1.0",
                "object-assign": "^4.1.1"
            }
        },
        "schema-utils": {
            "version": "3.1.1",
            "resolved": "https://registry.npmjs.org/schema-utils/-/schema-utils-3.1.1.tgz",
            "integrity": "sha512-Y5PQxS4ITlC+EahLuXaY86TXfR7Dc5lw294alXOq86JAHCihAIZfqv8nNCWvaEJvaC51uN9hbLGeV0cFBdH+Fw==",
            "dev": true,
            "requires": {
                "@types/json-schema": "^7.0.8",
                "ajv": "^6.12.5",
                "ajv-keywords": "^3.5.2"
            }
        },
        "sinon": {
            "version": "12.0.1",
            "resolved": "https://registry.npmjs.org/sinon/-/sinon-12.0.1.tgz",
            "integrity": "sha512-iGu29Xhym33ydkAT+aNQFBINakjq69kKO6ByPvTsm3yyIACfyQttRTP03aBP/I8GfhFmLzrnKwNNkr0ORb1udg==",
            "dev": true,
            "requires": {
                "@sinonjs/commons": "^1.8.3",
                "@sinonjs/fake-timers": "^8.1.0",
                "@sinonjs/samsam": "^6.0.2",
                "diff": "^5.0.0",
                "nise": "^5.1.0",
                "supports-color": "^7.2.0"
            }
        },
        "space-separated-tokens": {
            "version": "1.1.5",
            "resolved": "https://registry.npmjs.org/space-separated-tokens/-/space-separated-tokens-1.1.5.tgz",
            "integrity": "sha512-q/JSVd1Lptzhf5bkYm4ob4iWPjx0KiRe3sRFBNrVqbJkFaBm5vbbowy1mymoPNLRa52+oadOhJ+K49wsSeSjTA==",
            "dev": true
        },
        "supports-color": {
            "version": "7.2.0",
            "resolved": "https://registry.npmjs.org/supports-color/-/supports-color-7.2.0.tgz",
            "integrity": "sha512-qpCAvRl9stuOHveKsn7HncJRvv501qIacKzQlO/+Lwxc9+0q2wLyv4Dfvt80/DPn2pqOBsJdDiogXGR9+OvwRw==",
            "dev": true,
            "requires": {
                "has-flag": "^4.0.0"
            }
        },
        "type-detect": {
            "version": "4.0.8",
            "resolved": "https://registry.npmjs.org/type-detect/-/type-detect-4.0.8.tgz",
            "integrity": "sha512-0fr/mIH1dlO+x7TlcMy+bIDqKPsw/70tVyeHW787goQjhmqaZe10uwLujubK9q9Lg6Fiho1KUKDYz0Z7k7g5/g==",
            "dev": true
        },
        "uri-js": {
            "version": "4.4.1",
            "resolved": "https://registry.npmjs.org/uri-js/-/uri-js-4.4.1.tgz",
            "integrity": "sha512-7rKUyy33Q1yc98pQ1DAmLtwX109F7TIfWlW1Ydo8Wl1ii1SeHieeh0HHfPeL2fMXK6z0s8ecKs9frCuLJvndBg==",
            "dev": true,
            "requires": {
                "punycode": "^2.1.0"
            }
        },
        "warning": {
            "version": "4.0.3",
            "resolved": "https://registry.npmjs.org/warning/-/warning-4.0.3.tgz",
            "integrity": "sha512-rpJyN222KWIvHJ/F53XSZv0Zl/accqHR8et1kpaMTD/fLCRxtV8iX8czMzY7sVZupTI3zcUTg8eycS2kNF9l6w==",
            "requires": {
                "loose-envify": "^1.0.0"
            }
        },
        "xtend": {
            "version": "4.0.2",
            "resolved": "https://registry.npmjs.org/xtend/-/xtend-4.0.2.tgz",
            "integrity": "sha512-LKYU1iAXJXUgAXn9URjiu+MWhyUXHsvfp7mcuYm9dSUKK0/CjtrUwFAxD82/mCWbtLsGjFIad0wIsod4zrTAEQ==",
            "dev": true
        }
    }
}
