{
  "name": "reap-overlay",
  "version": "1.0.0",
  "lockfileVersion": 2,
  "requires": true,
  "packages": {
    "": {
      "name": "reap-overlay",
      "version": "1.0.0",
      "license": "MIT",
      "dependencies": {
        "@babel/runtime": "^7.17.9",
        "@floating-ui/dom": "^0.4.4",
        "prop-types": "^15.8.1",
        "reap-utils": "^2.0.1",
        "warning": "^4.0.3"
      },
      "devDependencies": {
        "@types/jest": "^27.4.1",
        "@types/prop-types": "^15.7.5",
        "@types/react": "^18.0.5",
        "@types/react-dom": "^18.0.1",
        "@types/warning": "^3.0.0",
        "bootstrap": "^5.1.3",
        "react": "^18.0.0",
        "react-dom": "^18.0.0"
      }
    },
    "node_modules/@babel/runtime": {
      "version": "7.17.9",
      "resolved": "https://registry.npmjs.org/@babel/runtime/-/runtime-7.17.9.tgz",
      "integrity": "sha512-lSiBBvodq29uShpWGNbgFdKYNiFDo5/HIYsaCEY9ff4sb10x9jizo2+pRrSyF4jKZCXqgzuqBOQKbUm90gQwJg==",
      "dependencies": {
        "regenerator-runtime": "^0.13.4"
      },
      "engines": {
        "node": ">=6.9.0"
      }
    },
    "node_modules/@floating-ui/core": {
      "version": "0.6.1",
      "resolved": "https://registry.npmjs.org/@floating-ui/core/-/core-0.6.1.tgz",
      "integrity": "sha512-Y30eVMcZva8o84c0HcXAtDO4BEzPJMvF6+B7x7urL2xbAqVsGJhojOyHLaoQHQYjb6OkqRq5kO+zeySycQwKqg=="
    },
    "node_modules/@floating-ui/dom": {
      "version": "0.4.4",
      "resolved": "https://registry.npmjs.org/@floating-ui/dom/-/dom-0.4.4.tgz",
      "integrity": "sha512-0Ulu3B/dqQplUUSqnTx0foSrlYuMN+GTtlJWvNJwt6Fr7/PqmlR/Y08o6/+bxDWr6p3roBJRaQ51MDZsNmEhhw==",
      "dependencies": {
        "@floating-ui/core": "^0.6.1"
      }
    },
    "node_modules/@popperjs/core": {
      "version": "2.11.5",
      "resolved": "https://registry.npmjs.org/@popperjs/core/-/core-2.11.5.tgz",
      "integrity": "sha512-9X2obfABZuDVLCgPK9aX0a/x4jaOEweTTWE2+9sr0Qqqevj2Uv5XorvusThmc9XGYpS9yI+fhh8RTafBtGposw==",
      "dev": true,
      "peer": true,
      "funding": {
        "type": "opencollective",
        "url": "https://opencollective.com/popperjs"
      }
    },
    "node_modules/@types/jest": {
      "version": "27.4.1",
      "resolved": "https://registry.npmjs.org/@types/jest/-/jest-27.4.1.tgz",
      "integrity": "sha512-23iPJADSmicDVrWk+HT58LMJtzLAnB2AgIzplQuq/bSrGaxCrlvRFjGbXmamnnk/mAmCdLStiGqggu28ocUyiw==",
      "dev": true,
      "dependencies": {
        "jest-matcher-utils": "^27.0.0",
        "pretty-format": "^27.0.0"
      }
    },
    "node_modules/@types/prop-types": {
      "version": "15.7.5",
      "resolved": "https://registry.npmjs.org/@types/prop-types/-/prop-types-15.7.5.tgz",
      "integrity": "sha512-JCB8C6SnDoQf0cNycqd/35A7MjcnK+ZTqE7judS6o7utxUCg6imJg3QK2qzHKszlTjcj2cn+NwMB2i96ubpj7w=="
    },
    "node_modules/@types/react": {
      "version": "18.0.5",
      "resolved": "https://registry.npmjs.org/@types/react/-/react-18.0.5.tgz",
      "integrity": "sha512-UPxNGInDCIKlfqBrm8LDXYWNfLHwIdisWcsH5GpMyGjhEDLFgTtlRBaoWuCua9HcyuE0rMkmAeZ3FXV1pYLIYQ==",
      "dependencies": {
        "@types/prop-types": "*",
        "@types/scheduler": "*",
        "csstype": "^3.0.2"
      }
    },
    "node_modules/@types/react-dom": {
      "version": "18.0.1",
      "resolved": "https://registry.npmjs.org/@types/react-dom/-/react-dom-18.0.1.tgz",
      "integrity": "sha512-jCwTXvHtRLiyVvKm9aEdHXs8rflVOGd5Sl913JZrPshfXjn8NYsTNZOz70bCsA31IR0TOqwi3ad+X4tSCBoMTw==",
      "dev": true,
      "dependencies": {
        "@types/react": "*"
      }
    },
    "node_modules/@types/react-is": {
      "version": "17.0.3",
      "resolved": "https://registry.npmjs.org/@types/react-is/-/react-is-17.0.3.tgz",
      "integrity": "sha512-aBTIWg1emtu95bLTLx0cpkxwGW3ueZv71nE2YFBpL8k/z5czEW8yYpOo8Dp+UUAFAtKwNaOsh/ioSeQnWlZcfw==",
      "dependencies": {
        "@types/react": "*"
      }
    },
    "node_modules/@types/scheduler": {
      "version": "0.16.2",
      "resolved": "https://registry.npmjs.org/@types/scheduler/-/scheduler-0.16.2.tgz",
      "integrity": "sha512-hppQEBDmlwhFAXKJX2KnWLYu5yMfi91yazPb2l+lbJiwW+wdo1gNeRA+3RgNSO39WYX2euey41KEwnqesU2Jew=="
    },
    "node_modules/@types/warning": {
      "version": "3.0.0",
      "resolved": "https://registry.npmjs.org/@types/warning/-/warning-3.0.0.tgz",
      "integrity": "sha1-DSUBJorY+ZYrdA04fEZU9fjiPlI=",
      "dev": true
    },
    "node_modules/ansi-regex": {
      "version": "5.0.1",
      "resolved": "https://registry.npmjs.org/ansi-regex/-/ansi-regex-5.0.1.tgz",
      "integrity": "sha512-quJQXlTSUGL2LH9SUXo8VwsY4soanhgo6LNSm84E1LBcE8s3O0wpdiRzyR9z/ZZJMlMWv37qOOb9pdJlMUEKFQ==",
      "dev": true,
      "engines": {
        "node": ">=8"
      }
    },
    "node_modules/ansi-styles": {
      "version": "4.3.0",
      "resolved": "https://registry.npmjs.org/ansi-styles/-/ansi-styles-4.3.0.tgz",
      "integrity": "sha512-zbB9rCJAT1rbjiVDb2hqKFHNYLxgtk8NURxZ3IZwD3F6NtxbXZQCnnSi1Lkx+IDohdPlFp222wVALIheZJQSEg==",
      "dev": true,
      "dependencies": {
        "color-convert": "^2.0.1"
      },
      "engines": {
        "node": ">=8"
      },
      "funding": {
        "url": "https://github.com/chalk/ansi-styles?sponsor=1"
      }
    },
    "node_modules/bootstrap": {
      "version": "5.1.3",
      "resolved": "https://registry.npmjs.org/bootstrap/-/bootstrap-5.1.3.tgz",
      "integrity": "sha512-fcQztozJ8jToQWXxVuEyXWW+dSo8AiXWKwiSSrKWsRB/Qt+Ewwza+JWoLKiTuQLaEPhdNAJ7+Dosc9DOIqNy7Q==",
      "dev": true,
      "funding": {
        "type": "opencollective",
        "url": "https://opencollective.com/bootstrap"
      },
      "peerDependencies": {
        "@popperjs/core": "^2.10.2"
      }
    },
    "node_modules/chalk": {
      "version": "4.1.2",
      "resolved": "https://registry.npmjs.org/chalk/-/chalk-4.1.2.tgz",
      "integrity": "sha512-oKnbhFyRIXpUuez8iBMmyEa4nbj4IOQyuhc/wy9kY7/WVPcwIO9VA668Pu8RkO7+0G76SLROeyw9CpQ061i4mA==",
      "dev": true,
      "dependencies": {
        "ansi-styles": "^4.1.0",
        "supports-color": "^7.1.0"
      },
      "engines": {
        "node": ">=10"
      },
      "funding": {
        "url": "https://github.com/chalk/chalk?sponsor=1"
      }
    },
    "node_modules/color-convert": {
      "version": "2.0.1",
      "resolved": "https://registry.npmjs.org/color-convert/-/color-convert-2.0.1.tgz",
      "integrity": "sha512-RRECPsj7iu/xb5oKYcsFHSppFNnsj/52OVTRKb4zP5onXwVF3zVmmToNcOfGC+CRDpfK/U584fMg38ZHCaElKQ==",
      "dev": true,
      "dependencies": {
        "color-name": "~1.1.4"
      },
      "engines": {
        "node": ">=7.0.0"
      }
    },
    "node_modules/color-name": {
      "version": "1.1.4",
      "resolved": "https://registry.npmjs.org/color-name/-/color-name-1.1.4.tgz",
      "integrity": "sha512-dOy+3AuW3a2wNbZHIuMZpTcgjGuLU/uBL/ubcZF9OXbDo8ff4O8yVp5Bf0efS8uEoYo5q4Fx7dY9OgQGXgAsQA==",
      "dev": true
    },
    "node_modules/csstype": {
      "version": "3.0.11",
      "resolved": "https://registry.npmjs.org/csstype/-/csstype-3.0.11.tgz",
      "integrity": "sha512-sa6P2wJ+CAbgyy4KFssIb/JNMLxFvKF1pCYCSXS8ZMuqZnMsrxqI2E5sPyoTpxoPU/gVZMzr2zjOfg8GIZOMsw=="
    },
    "node_modules/diff-sequences": {
      "version": "27.5.1",
      "resolved": "https://registry.npmjs.org/diff-sequences/-/diff-sequences-27.5.1.tgz",
      "integrity": "sha512-k1gCAXAsNgLwEL+Y8Wvl+M6oEFj5bgazfZULpS5CneoPPXRaCCW7dm+q21Ky2VEE5X+VeRDBVg1Pcvvsr4TtNQ==",
      "dev": true,
      "engines": {
        "node": "^10.13.0 || ^12.13.0 || ^14.15.0 || >=15.0.0"
      }
    },
    "node_modules/has-flag": {
      "version": "4.0.0",
      "resolved": "https://registry.npmjs.org/has-flag/-/has-flag-4.0.0.tgz",
      "integrity": "sha512-EykJT/Q1KjTWctppgIAgfSO0tKVuZUjhgMr17kqTumMl6Afv3EISleU7qZUzoXDFTAHTDC4NOoG/ZxU3EvlMPQ==",
      "dev": true,
      "engines": {
        "node": ">=8"
      }
    },
    "node_modules/jest-diff": {
      "version": "27.5.1",
      "resolved": "https://registry.npmjs.org/jest-diff/-/jest-diff-27.5.1.tgz",
      "integrity": "sha512-m0NvkX55LDt9T4mctTEgnZk3fmEg3NRYutvMPWM/0iPnkFj2wIeF45O1718cMSOFO1vINkqmxqD8vE37uTEbqw==",
      "dev": true,
      "dependencies": {
        "chalk": "^4.0.0",
        "diff-sequences": "^27.5.1",
        "jest-get-type": "^27.5.1",
        "pretty-format": "^27.5.1"
      },
      "engines": {
        "node": "^10.13.0 || ^12.13.0 || ^14.15.0 || >=15.0.0"
      }
    },
    "node_modules/jest-get-type": {
      "version": "27.5.1",
      "resolved": "https://registry.npmjs.org/jest-get-type/-/jest-get-type-27.5.1.tgz",
      "integrity": "sha512-2KY95ksYSaK7DMBWQn6dQz3kqAf3BB64y2udeG+hv4KfSOb9qwcYQstTJc1KCbsix+wLZWZYN8t7nwX3GOBLRw==",
      "dev": true,
      "engines": {
        "node": "^10.13.0 || ^12.13.0 || ^14.15.0 || >=15.0.0"
      }
    },
    "node_modules/jest-matcher-utils": {
      "version": "27.5.1",
      "resolved": "https://registry.npmjs.org/jest-matcher-utils/-/jest-matcher-utils-27.5.1.tgz",
      "integrity": "sha512-z2uTx/T6LBaCoNWNFWwChLBKYxTMcGBRjAt+2SbP929/Fflb9aa5LGma654Rz8z9HLxsrUaYzxE9T/EFIL/PAw==",
      "dev": true,
      "dependencies": {
        "chalk": "^4.0.0",
        "jest-diff": "^27.5.1",
        "jest-get-type": "^27.5.1",
        "pretty-format": "^27.5.1"
      },
      "engines": {
        "node": "^10.13.0 || ^12.13.0 || ^14.15.0 || >=15.0.0"
      }
    },
    "node_modules/js-tokens": {
      "version": "4.0.0",
      "resolved": "https://registry.npmjs.org/js-tokens/-/js-tokens-4.0.0.tgz",
      "integrity": "sha512-RdJUflcE3cUzKiMqQgsCu06FPu9UdIJO0beYbPhHN4k6apgJtifcoCtT9bcxOpYBtpD2kCM6Sbzg4CausW/PKQ=="
    },
    "node_modules/loose-envify": {
      "version": "1.4.0",
      "resolved": "https://registry.npmjs.org/loose-envify/-/loose-envify-1.4.0.tgz",
      "integrity": "sha512-lyuxPGr/Wfhrlem2CL/UcnUc1zcqKAImBDzukY7Y5F/yQiNdko6+fRLevlw1HgMySw7f611UIY408EtxRSoK3Q==",
      "dependencies": {
        "js-tokens": "^3.0.0 || ^4.0.0"
      },
      "bin": {
        "loose-envify": "cli.js"
      }
    },
    "node_modules/object-assign": {
      "version": "4.1.1",
      "resolved": "https://registry.npmjs.org/object-assign/-/object-assign-4.1.1.tgz",
      "integrity": "sha1-IQmtx5ZYh8/AXLvUQsrIv7s2CGM=",
      "engines": {
        "node": ">=0.10.0"
      }
    },
    "node_modules/pretty-format": {
      "version": "27.5.1",
      "resolved": "https://registry.npmjs.org/pretty-format/-/pretty-format-27.5.1.tgz",
      "integrity": "sha512-Qb1gy5OrP5+zDf2Bvnzdl3jsTf1qXVMazbvCoKhtKqVs4/YK4ozX4gKQJJVyNe+cajNPn0KoC0MC3FUmaHWEmQ==",
      "dev": true,
      "dependencies": {
        "ansi-regex": "^5.0.1",
        "ansi-styles": "^5.0.0",
        "react-is": "^17.0.1"
      },
      "engines": {
        "node": "^10.13.0 || ^12.13.0 || ^14.15.0 || >=15.0.0"
      }
    },
    "node_modules/pretty-format/node_modules/ansi-styles": {
      "version": "5.2.0",
      "resolved": "https://registry.npmjs.org/ansi-styles/-/ansi-styles-5.2.0.tgz",
      "integrity": "sha512-Cxwpt2SfTzTtXcfOlzGEee8O+c+MmUgGrNiBcXnuWxuFJHe6a5Hz7qwhwe5OgaSYI0IJvkLqWX1ASG+cJOkEiA==",
      "dev": true,
      "engines": {
        "node": ">=10"
      },
      "funding": {
        "url": "https://github.com/chalk/ansi-styles?sponsor=1"
      }
    },
    "node_modules/prop-types": {
      "version": "15.8.1",
      "resolved": "https://registry.npmjs.org/prop-types/-/prop-types-15.8.1.tgz",
      "integrity": "sha512-oj87CgZICdulUohogVAR7AjlC0327U4el4L6eAvOqCeudMDVU0NThNaV+b9Df4dXgSP1gXMTnPdhfe/2qDH5cg==",
      "dependencies": {
        "loose-envify": "^1.4.0",
        "object-assign": "^4.1.1",
        "react-is": "^16.13.1"
      }
    },
    "node_modules/prop-types/node_modules/react-is": {
      "version": "16.13.1",
      "resolved": "https://registry.npmjs.org/react-is/-/react-is-16.13.1.tgz",
      "integrity": "sha512-24e6ynE2H+OKt4kqsOvNd8kBpV65zoxbA4BVsEOB3ARVWQki/DHzaUoC5KuON/BiccDaCCTZBuOcfZs70kR8bQ=="
    },
    "node_modules/react": {
      "version": "18.0.0",
      "resolved": "https://registry.npmjs.org/react/-/react-18.0.0.tgz",
      "integrity": "sha512-x+VL6wbT4JRVPm7EGxXhZ8w8LTROaxPXOqhlGyVSrv0sB1jkyFGgXxJ8LVoPRLvPR6/CIZGFmfzqUa2NYeMr2A==",
      "dev": true,
      "dependencies": {
        "loose-envify": "^1.1.0"
      },
      "engines": {
        "node": ">=0.10.0"
      }
    },
    "node_modules/react-dom": {
      "version": "18.0.0",
      "resolved": "https://registry.npmjs.org/react-dom/-/react-dom-18.0.0.tgz",
      "integrity": "sha512-XqX7uzmFo0pUceWFCt7Gff6IyIMzFUn7QMZrbrQfGxtaxXZIcGQzoNpRLE3fQLnS4XzLLPMZX2T9TRcSrasicw==",
      "dev": true,
      "dependencies": {
        "loose-envify": "^1.1.0",
        "scheduler": "^0.21.0"
      },
      "peerDependencies": {
        "react": "^18.0.0"
      }
    },
    "node_modules/react-is": {
      "version": "17.0.2",
      "resolved": "https://registry.npmjs.org/react-is/-/react-is-17.0.2.tgz",
      "integrity": "sha512-w2GsyukL62IJnlaff/nRegPQR94C/XXamvMWmSHRJ4y7Ts/4ocGRmTHvOs8PSE6pB3dWOrD/nueuU5sduBsQ4w=="
    },
    "node_modules/reap-utils": {
      "version": "2.0.1",
      "resolved": "https://registry.npmjs.org/reap-utils/-/reap-utils-2.0.1.tgz",
      "integrity": "sha512-e2GcpmqWPpHdqQ7cKG0sQ3j0KE1EHcPWvQq4x5Rbref7SuPYOn8o7gXOxD0XWbO0X4mqeZ7p1hO0icsWm9xviA==",
      "dependencies": {
        "@types/react-is": "^17.0.3",
        "prop-types": "^15.7.2",
        "react-is": "^17.0.2",
        "warning": "^4.0.3"
      }
    },
    "node_modules/regenerator-runtime": {
      "version": "0.13.9",
      "resolved": "https://registry.npmjs.org/regenerator-runtime/-/regenerator-runtime-0.13.9.tgz",
      "integrity": "sha512-p3VT+cOEgxFsRRA9X4lkI1E+k2/CtnKtU4gcxyaCUreilL/vqI6CdZ3wxVUx3UOUg+gnUOQQcRI7BmSI656MYA=="
    },
    "node_modules/scheduler": {
      "version": "0.21.0",
      "resolved": "https://registry.npmjs.org/scheduler/-/scheduler-0.21.0.tgz",
      "integrity": "sha512-1r87x5fz9MXqswA2ERLo0EbOAU74DpIUO090gIasYTqlVoJeMcl+Z1Rg7WHz+qtPujhS/hGIt9kxZOYBV3faRQ==",
      "dev": true,
      "dependencies": {
        "loose-envify": "^1.1.0"
      }
    },
    "node_modules/supports-color": {
      "version": "7.2.0",
      "resolved": "https://registry.npmjs.org/supports-color/-/supports-color-7.2.0.tgz",
      "integrity": "sha512-qpCAvRl9stuOHveKsn7HncJRvv501qIacKzQlO/+Lwxc9+0q2wLyv4Dfvt80/DPn2pqOBsJdDiogXGR9+OvwRw==",
      "dev": true,
      "dependencies": {
        "has-flag": "^4.0.0"
      },
      "engines": {
        "node": ">=8"
      }
    },
    "node_modules/warning": {
      "version": "4.0.3",
      "resolved": "https://registry.npmjs.org/warning/-/warning-4.0.3.tgz",
      "integrity": "sha512-rpJyN222KWIvHJ/F53XSZv0Zl/accqHR8et1kpaMTD/fLCRxtV8iX8czMzY7sVZupTI3zcUTg8eycS2kNF9l6w==",
      "dependencies": {
        "loose-envify": "^1.0.0"
      }
    }
  },
  "dependencies": {
    "@babel/runtime": {
      "version": "7.17.9",
      "resolved": "https://registry.npmjs.org/@babel/runtime/-/runtime-7.17.9.tgz",
      "integrity": "sha512-lSiBBvodq29uShpWGNbgFdKYNiFDo5/HIYsaCEY9ff4sb10x9jizo2+pRrSyF4jKZCXqgzuqBOQKbUm90gQwJg==",
      "requires": {
        "regenerator-runtime": "^0.13.4"
      }
    },
    "@floating-ui/core": {
      "version": "0.6.1",
      "resolved": "https://registry.npmjs.org/@floating-ui/core/-/core-0.6.1.tgz",
      "integrity": "sha512-Y30eVMcZva8o84c0HcXAtDO4BEzPJMvF6+B7x7urL2xbAqVsGJhojOyHLaoQHQYjb6OkqRq5kO+zeySycQwKqg=="
    },
    "@floating-ui/dom": {
      "version": "0.4.4",
      "resolved": "https://registry.npmjs.org/@floating-ui/dom/-/dom-0.4.4.tgz",
      "integrity": "sha512-0Ulu3B/dqQplUUSqnTx0foSrlYuMN+GTtlJWvNJwt6Fr7/PqmlR/Y08o6/+bxDWr6p3roBJRaQ51MDZsNmEhhw==",
      "requires": {
        "@floating-ui/core": "^0.6.1"
      }
    },
    "@popperjs/core": {
      "version": "2.11.5",
      "resolved": "https://registry.npmjs.org/@popperjs/core/-/core-2.11.5.tgz",
      "integrity": "sha512-9X2obfABZuDVLCgPK9aX0a/x4jaOEweTTWE2+9sr0Qqqevj2Uv5XorvusThmc9XGYpS9yI+fhh8RTafBtGposw==",
      "dev": true,
      "peer": true
    },
    "@types/jest": {
      "version": "27.4.1",
      "resolved": "https://registry.npmjs.org/@types/jest/-/jest-27.4.1.tgz",
      "integrity": "sha512-23iPJADSmicDVrWk+HT58LMJtzLAnB2AgIzplQuq/bSrGaxCrlvRFjGbXmamnnk/mAmCdLStiGqggu28ocUyiw==",
      "dev": true,
      "requires": {
        "jest-matcher-utils": "^27.0.0",
        "pretty-format": "^27.0.0"
      }
    },
    "@types/prop-types": {
      "version": "15.7.5",
      "resolved": "https://registry.npmjs.org/@types/prop-types/-/prop-types-15.7.5.tgz",
      "integrity": "sha512-JCB8C6SnDoQf0cNycqd/35A7MjcnK+ZTqE7judS6o7utxUCg6imJg3QK2qzHKszlTjcj2cn+NwMB2i96ubpj7w=="
    },
    "@types/react": {
      "version": "18.0.5",
      "resolved": "https://registry.npmjs.org/@types/react/-/react-18.0.5.tgz",
      "integrity": "sha512-UPxNGInDCIKlfqBrm8LDXYWNfLHwIdisWcsH5GpMyGjhEDLFgTtlRBaoWuCua9HcyuE0rMkmAeZ3FXV1pYLIYQ==",
      "requires": {
        "@types/prop-types": "*",
        "@types/scheduler": "*",
        "csstype": "^3.0.2"
      }
    },
    "@types/react-dom": {
      "version": "18.0.1",
      "resolved": "https://registry.npmjs.org/@types/react-dom/-/react-dom-18.0.1.tgz",
      "integrity": "sha512-jCwTXvHtRLiyVvKm9aEdHXs8rflVOGd5Sl913JZrPshfXjn8NYsTNZOz70bCsA31IR0TOqwi3ad+X4tSCBoMTw==",
      "dev": true,
      "requires": {
        "@types/react": "*"
      }
    },
    "@types/react-is": {
      "version": "17.0.3",
      "resolved": "https://registry.npmjs.org/@types/react-is/-/react-is-17.0.3.tgz",
      "integrity": "sha512-aBTIWg1emtu95bLTLx0cpkxwGW3ueZv71nE2YFBpL8k/z5czEW8yYpOo8Dp+UUAFAtKwNaOsh/ioSeQnWlZcfw==",
      "requires": {
        "@types/react": "*"
      }
    },
    "@types/scheduler": {
      "version": "0.16.2",
      "resolved": "https://registry.npmjs.org/@types/scheduler/-/scheduler-0.16.2.tgz",
      "integrity": "sha512-hppQEBDmlwhFAXKJX2KnWLYu5yMfi91yazPb2l+lbJiwW+wdo1gNeRA+3RgNSO39WYX2euey41KEwnqesU2Jew=="
    },
    "@types/warning": {
      "version": "3.0.0",
      "resolved": "https://registry.npmjs.org/@types/warning/-/warning-3.0.0.tgz",
      "integrity": "sha1-DSUBJorY+ZYrdA04fEZU9fjiPlI=",
      "dev": true
    },
    "ansi-regex": {
      "version": "5.0.1",
      "resolved": "https://registry.npmjs.org/ansi-regex/-/ansi-regex-5.0.1.tgz",
      "integrity": "sha512-quJQXlTSUGL2LH9SUXo8VwsY4soanhgo6LNSm84E1LBcE8s3O0wpdiRzyR9z/ZZJMlMWv37qOOb9pdJlMUEKFQ==",
      "dev": true
    },
    "ansi-styles": {
      "version": "4.3.0",
      "resolved": "https://registry.npmjs.org/ansi-styles/-/ansi-styles-4.3.0.tgz",
      "integrity": "sha512-zbB9rCJAT1rbjiVDb2hqKFHNYLxgtk8NURxZ3IZwD3F6NtxbXZQCnnSi1Lkx+IDohdPlFp222wVALIheZJQSEg==",
      "dev": true,
      "requires": {
        "color-convert": "^2.0.1"
      }
    },
    "bootstrap": {
      "version": "5.1.3",
      "resolved": "https://registry.npmjs.org/bootstrap/-/bootstrap-5.1.3.tgz",
      "integrity": "sha512-fcQztozJ8jToQWXxVuEyXWW+dSo8AiXWKwiSSrKWsRB/Qt+Ewwza+JWoLKiTuQLaEPhdNAJ7+Dosc9DOIqNy7Q==",
      "dev": true,
      "requires": {}
    },
    "chalk": {
      "version": "4.1.2",
      "resolved": "https://registry.npmjs.org/chalk/-/chalk-4.1.2.tgz",
      "integrity": "sha512-oKnbhFyRIXpUuez8iBMmyEa4nbj4IOQyuhc/wy9kY7/WVPcwIO9VA668Pu8RkO7+0G76SLROeyw9CpQ061i4mA==",
      "dev": true,
      "requires": {
        "ansi-styles": "^4.1.0",
        "supports-color": "^7.1.0"
      }
    },
    "color-convert": {
      "version": "2.0.1",
      "resolved": "https://registry.npmjs.org/color-convert/-/color-convert-2.0.1.tgz",
      "integrity": "sha512-RRECPsj7iu/xb5oKYcsFHSppFNnsj/52OVTRKb4zP5onXwVF3zVmmToNcOfGC+CRDpfK/U584fMg38ZHCaElKQ==",
      "dev": true,
      "requires": {
        "color-name": "~1.1.4"
      }
    },
    "color-name": {
      "version": "1.1.4",
      "resolved": "https://registry.npmjs.org/color-name/-/color-name-1.1.4.tgz",
      "integrity": "sha512-dOy+3AuW3a2wNbZHIuMZpTcgjGuLU/uBL/ubcZF9OXbDo8ff4O8yVp5Bf0efS8uEoYo5q4Fx7dY9OgQGXgAsQA==",
      "dev": true
    },
    "csstype": {
      "version": "3.0.11",
      "resolved": "https://registry.npmjs.org/csstype/-/csstype-3.0.11.tgz",
      "integrity": "sha512-sa6P2wJ+CAbgyy4KFssIb/JNMLxFvKF1pCYCSXS8ZMuqZnMsrxqI2E5sPyoTpxoPU/gVZMzr2zjOfg8GIZOMsw=="
    },
    "diff-sequences": {
      "version": "27.5.1",
      "resolved": "https://registry.npmjs.org/diff-sequences/-/diff-sequences-27.5.1.tgz",
      "integrity": "sha512-k1gCAXAsNgLwEL+Y8Wvl+M6oEFj5bgazfZULpS5CneoPPXRaCCW7dm+q21Ky2VEE5X+VeRDBVg1Pcvvsr4TtNQ==",
      "dev": true
    },
    "has-flag": {
      "version": "4.0.0",
      "resolved": "https://registry.npmjs.org/has-flag/-/has-flag-4.0.0.tgz",
      "integrity": "sha512-EykJT/Q1KjTWctppgIAgfSO0tKVuZUjhgMr17kqTumMl6Afv3EISleU7qZUzoXDFTAHTDC4NOoG/ZxU3EvlMPQ==",
      "dev": true
    },
    "jest-diff": {
      "version": "27.5.1",
      "resolved": "https://registry.npmjs.org/jest-diff/-/jest-diff-27.5.1.tgz",
      "integrity": "sha512-m0NvkX55LDt9T4mctTEgnZk3fmEg3NRYutvMPWM/0iPnkFj2wIeF45O1718cMSOFO1vINkqmxqD8vE37uTEbqw==",
      "dev": true,
      "requires": {
        "chalk": "^4.0.0",
        "diff-sequences": "^27.5.1",
        "jest-get-type": "^27.5.1",
        "pretty-format": "^27.5.1"
      }
    },
    "jest-get-type": {
      "version": "27.5.1",
      "resolved": "https://registry.npmjs.org/jest-get-type/-/jest-get-type-27.5.1.tgz",
      "integrity": "sha512-2KY95ksYSaK7DMBWQn6dQz3kqAf3BB64y2udeG+hv4KfSOb9qwcYQstTJc1KCbsix+wLZWZYN8t7nwX3GOBLRw==",
      "dev": true
    },
    "jest-matcher-utils": {
      "version": "27.5.1",
      "resolved": "https://registry.npmjs.org/jest-matcher-utils/-/jest-matcher-utils-27.5.1.tgz",
      "integrity": "sha512-z2uTx/T6LBaCoNWNFWwChLBKYxTMcGBRjAt+2SbP929/Fflb9aa5LGma654Rz8z9HLxsrUaYzxE9T/EFIL/PAw==",
      "dev": true,
      "requires": {
        "chalk": "^4.0.0",
        "jest-diff": "^27.5.1",
        "jest-get-type": "^27.5.1",
        "pretty-format": "^27.5.1"
      }
    },
    "js-tokens": {
      "version": "4.0.0",
      "resolved": "https://registry.npmjs.org/js-tokens/-/js-tokens-4.0.0.tgz",
      "integrity": "sha512-RdJUflcE3cUzKiMqQgsCu06FPu9UdIJO0beYbPhHN4k6apgJtifcoCtT9bcxOpYBtpD2kCM6Sbzg4CausW/PKQ=="
    },
    "loose-envify": {
      "version": "1.4.0",
      "resolved": "https://registry.npmjs.org/loose-envify/-/loose-envify-1.4.0.tgz",
      "integrity": "sha512-lyuxPGr/Wfhrlem2CL/UcnUc1zcqKAImBDzukY7Y5F/yQiNdko6+fRLevlw1HgMySw7f611UIY408EtxRSoK3Q==",
      "requires": {
        "js-tokens": "^3.0.0 || ^4.0.0"
      }
    },
    "object-assign": {
      "version": "4.1.1",
      "resolved": "https://registry.npmjs.org/object-assign/-/object-assign-4.1.1.tgz",
      "integrity": "sha1-IQmtx5ZYh8/AXLvUQsrIv7s2CGM="
    },
    "pretty-format": {
      "version": "27.5.1",
      "resolved": "https://registry.npmjs.org/pretty-format/-/pretty-format-27.5.1.tgz",
      "integrity": "sha512-Qb1gy5OrP5+zDf2Bvnzdl3jsTf1qXVMazbvCoKhtKqVs4/YK4ozX4gKQJJVyNe+cajNPn0KoC0MC3FUmaHWEmQ==",
      "dev": true,
      "requires": {
        "ansi-regex": "^5.0.1",
        "ansi-styles": "^5.0.0",
        "react-is": "^17.0.1"
      },
      "dependencies": {
        "ansi-styles": {
          "version": "5.2.0",
          "resolved": "https://registry.npmjs.org/ansi-styles/-/ansi-styles-5.2.0.tgz",
          "integrity": "sha512-Cxwpt2SfTzTtXcfOlzGEee8O+c+MmUgGrNiBcXnuWxuFJHe6a5Hz7qwhwe5OgaSYI0IJvkLqWX1ASG+cJOkEiA==",
          "dev": true
        }
      }
    },
    "prop-types": {
      "version": "15.8.1",
      "resolved": "https://registry.npmjs.org/prop-types/-/prop-types-15.8.1.tgz",
      "integrity": "sha512-oj87CgZICdulUohogVAR7AjlC0327U4el4L6eAvOqCeudMDVU0NThNaV+b9Df4dXgSP1gXMTnPdhfe/2qDH5cg==",
      "requires": {
        "loose-envify": "^1.4.0",
        "object-assign": "^4.1.1",
        "react-is": "^16.13.1"
      },
      "dependencies": {
        "react-is": {
          "version": "16.13.1",
          "resolved": "https://registry.npmjs.org/react-is/-/react-is-16.13.1.tgz",
          "integrity": "sha512-24e6ynE2H+OKt4kqsOvNd8kBpV65zoxbA4BVsEOB3ARVWQki/DHzaUoC5KuON/BiccDaCCTZBuOcfZs70kR8bQ=="
        }
      }
    },
    "react": {
      "version": "18.0.0",
      "resolved": "https://registry.npmjs.org/react/-/react-18.0.0.tgz",
      "integrity": "sha512-x+VL6wbT4JRVPm7EGxXhZ8w8LTROaxPXOqhlGyVSrv0sB1jkyFGgXxJ8LVoPRLvPR6/CIZGFmfzqUa2NYeMr2A==",
      "dev": true,
      "requires": {
        "loose-envify": "^1.1.0"
      }
    },
    "react-dom": {
      "version": "18.0.0",
      "resolved": "https://registry.npmjs.org/react-dom/-/react-dom-18.0.0.tgz",
      "integrity": "sha512-XqX7uzmFo0pUceWFCt7Gff6IyIMzFUn7QMZrbrQfGxtaxXZIcGQzoNpRLE3fQLnS4XzLLPMZX2T9TRcSrasicw==",
      "dev": true,
      "requires": {
        "loose-envify": "^1.1.0",
        "scheduler": "^0.21.0"
      }
    },
    "react-is": {
      "version": "17.0.2",
      "resolved": "https://registry.npmjs.org/react-is/-/react-is-17.0.2.tgz",
      "integrity": "sha512-w2GsyukL62IJnlaff/nRegPQR94C/XXamvMWmSHRJ4y7Ts/4ocGRmTHvOs8PSE6pB3dWOrD/nueuU5sduBsQ4w=="
    },
    "reap-utils": {
      "version": "2.0.1",
      "resolved": "https://registry.npmjs.org/reap-utils/-/reap-utils-2.0.1.tgz",
      "integrity": "sha512-e2GcpmqWPpHdqQ7cKG0sQ3j0KE1EHcPWvQq4x5Rbref7SuPYOn8o7gXOxD0XWbO0X4mqeZ7p1hO0icsWm9xviA==",
      "requires": {
        "@types/react-is": "^17.0.3",
        "prop-types": "^15.7.2",
        "react-is": "^17.0.2",
        "warning": "^4.0.3"
      }
    },
    "regenerator-runtime": {
      "version": "0.13.9",
      "resolved": "https://registry.npmjs.org/regenerator-runtime/-/regenerator-runtime-0.13.9.tgz",
      "integrity": "sha512-p3VT+cOEgxFsRRA9X4lkI1E+k2/CtnKtU4gcxyaCUreilL/vqI6CdZ3wxVUx3UOUg+gnUOQQcRI7BmSI656MYA=="
    },
    "scheduler": {
      "version": "0.21.0",
      "resolved": "https://registry.npmjs.org/scheduler/-/scheduler-0.21.0.tgz",
      "integrity": "sha512-1r87x5fz9MXqswA2ERLo0EbOAU74DpIUO090gIasYTqlVoJeMcl+Z1Rg7WHz+qtPujhS/hGIt9kxZOYBV3faRQ==",
      "dev": true,
      "requires": {
        "loose-envify": "^1.1.0"
      }
    },
    "supports-color": {
      "version": "7.2.0",
      "resolved": "https://registry.npmjs.org/supports-color/-/supports-color-7.2.0.tgz",
      "integrity": "sha512-qpCAvRl9stuOHveKsn7HncJRvv501qIacKzQlO/+Lwxc9+0q2wLyv4Dfvt80/DPn2pqOBsJdDiogXGR9+OvwRw==",
      "dev": true,
      "requires": {
        "has-flag": "^4.0.0"
      }
    },
    "warning": {
      "version": "4.0.3",
      "resolved": "https://registry.npmjs.org/warning/-/warning-4.0.3.tgz",
      "integrity": "sha512-rpJyN222KWIvHJ/F53XSZv0Zl/accqHR8et1kpaMTD/fLCRxtV8iX8czMzY7sVZupTI3zcUTg8eycS2kNF9l6w==",
      "requires": {
        "loose-envify": "^1.0.0"
      }
    }
  }
}
